
Microsoft Visual Studio Solution File, Format Version 12.00
# Visual Studio Version 16
VisualStudioVersion = 16.0.32802.440
MinimumVisualStudioVersion = 10.0.40219.1
Project("{FAE04EC0-301F-11D3-BF4B-00C04F79EFBC}") = "PTesteClasse", "PTesteClasse.csproj", "{44FB16D1-1443-41E3-AD14-3F3F6FA7088D}"
EndProject
Global
	GlobalSection(SolutionConfigurationPlatforms) = preSolution
		Debug|Any CPU = Debug|Any CPU
		Release|Any CPU = Release|Any CPU
	EndGlobalSection
	GlobalSection(ProjectConfigurationPlatforms) = postSolution
		{44FB16D1-1443-41E3-AD14-3F3F6FA7088D}.Debug|Any CPU.ActiveCfg = Debug|Any CPU
		{44FB16D1-1443-41E3-AD14-3F3F6FA7088D}.Debug|Any CPU.Build.0 = Debug|Any CPU
		{44FB16D1-1443-41E3-AD14-3F3F6FA7088D}.Release|Any CPU.ActiveCfg = Release|Any CPU
		{44FB16D1-1443-41E3-AD14-3F3F6FA7088D}.Release|Any CPU.Build.0 = Release|Any CPU
	EndGlobalSection
	GlobalSection(SolutionProperties) = preSolution
		HideSolutionNode = FALSE
	EndGlobalSection
	GlobalSection(ExtensibilityGlobals) = postSolution
		SolutionGuid = {644B7D5E-7647-470B-BECA-55D5AF531AAE}
	EndGlobalSection
EndGlobal
