
Microsoft Visual Studio Solution File, Format Version 12.00
# Visual Studio Version 16
VisualStudioVersion = 16.0.32802.440
MinimumVisualStudioVersion = 10.0.40219.1
Project("{FAE04EC0-301F-11D3-BF4B-00C04F79EFBC}") = "Atividade3", "Atividade3\Atividade3.csproj", "{8F831AAC-24C0-4931-B481-C0250A37546C}"
EndProject
Global
	GlobalSection(SolutionConfigurationPlatforms) = preSolution
		Debug|Any CPU = Debug|Any CPU
		Release|Any CPU = Release|Any CPU
	EndGlobalSection
	GlobalSection(ProjectConfigurationPlatforms) = postSolution
		{8F831AAC-24C0-4931-B481-C0250A37546C}.Debug|Any CPU.ActiveCfg = Debug|Any CPU
		{8F831AAC-24C0-4931-B481-C0250A37546C}.Debug|Any CPU.Build.0 = Debug|Any CPU
		{8F831AAC-24C0-4931-B481-C0250A37546C}.Release|Any CPU.ActiveCfg = Release|Any CPU
		{8F831AAC-24C0-4931-B481-C0250A37546C}.Release|Any CPU.Build.0 = Release|Any CPU
	EndGlobalSection
	GlobalSection(SolutionProperties) = preSolution
		HideSolutionNode = FALSE
	EndGlobalSection
	GlobalSection(ExtensibilityGlobals) = postSolution
		SolutionGuid = {D3CFB2A2-5F67-414E-9DE6-BF2E05CFE447}
	EndGlobalSection
EndGlobal
