
Microsoft Visual Studio Solution File, Format Version 12.00
# Visual Studio Version 17
VisualStudioVersion = 17.3.32929.385
MinimumVisualStudioVersion = 10.0.40219.1
Project("{FAE04EC0-301F-11D3-BF4B-00C04F79EFBC}") = "Pmetodos", "Pmetodos.csproj", "{119837D8-34BA-4C9E-8BD4-5EC98C7D8337}"
EndProject
Global
	GlobalSection(SolutionConfigurationPlatforms) = preSolution
		Debug|Any CPU = Debug|Any CPU
		Release|Any CPU = Release|Any CPU
	EndGlobalSection
	GlobalSection(ProjectConfigurationPlatforms) = postSolution
		{119837D8-34BA-4C9E-8BD4-5EC98C7D8337}.Debug|Any CPU.ActiveCfg = Debug|Any CPU
		{119837D8-34BA-4C9E-8BD4-5EC98C7D8337}.Debug|Any CPU.Build.0 = Debug|Any CPU
		{119837D8-34BA-4C9E-8BD4-5EC98C7D8337}.Release|Any CPU.ActiveCfg = Release|Any CPU
		{119837D8-34BA-4C9E-8BD4-5EC98C7D8337}.Release|Any CPU.Build.0 = Release|Any CPU
	EndGlobalSection
	GlobalSection(SolutionProperties) = preSolution
		HideSolutionNode = FALSE
	EndGlobalSection
	GlobalSection(ExtensibilityGlobals) = postSolution
		SolutionGuid = {3C804BAC-D888-41AC-A945-13F16010DF78}
	EndGlobalSection
EndGlobal
